{
  "pins" : [
    {
      "identity" : "microsoft-authentication-library-for-objc",
      "kind" : "remoteSourceControl",
      "location" : "https://github.com/AzureAD/microsoft-authentication-library-for-objc",
      "state" : {
        "revision" : "71a4d3c476e5cda907f33f155550faa5ad9a0fb2",
        "version" : "1.3.2"
      }
    }
  ],
  "version" : 2
}
